// !$*UTF8*$!
{
	archiveVersion = 1;
	classes = {
	};
	objectVersion = 50;
	objects = {

/* Begin PBXBuildFile section */
		D0FD50C7244E0243005D5084 /* AppDelegate.swift in Sources */ = {isa = PBXBuildFile; fileRef = D0FD50C6244E0243005D5084 /* AppDelegate.swift */; };
		D0FD50C9244E0243005D5084 /* ViewController.swift in Sources */ = {isa = PBXBuildFile; fileRef = D0FD50C8244E0243005D5084 /* ViewController.swift */; };
		D0FD50CB244E0244005D5084 /* Assets.xcassets in Resources */ = {isa = PBXBuildFile; fileRef = D0FD50CA244E0244005D5084 /* Assets.xcassets */; };
		D0FD50CE244E0244005D5084 /* Main.storyboard in Resources */ = {isa = PBXBuildFile; fileRef = D0FD50CC244E0244005D5084 /* Main.storyboard */; };
		D0FD50DA244E0244005D5084 /* UniAppTests.swift in Sources */ = {isa = PBXBuildFile; fileRef = D0FD50D9244E0244005D5084 /* UniAppTests.swift */; };
		D0FD50E6244E043E005D5084 /* ViewController.swift in Sources */ = {isa = PBXBuildFile; fileRef = D0FD50C8244E0243005D5084 /* ViewController.swift */; };
		D0FD50E7244E043E005D5084 /* AppDelegate.swift in Sources */ = {isa = PBXBuildFile; fileRef = D0FD50C6244E0243005D5084 /* AppDelegate.swift */; };
		D0FD50EA244E043E005D5084 /* Assets.xcassets in Resources */ = {isa = PBXBuildFile; fileRef = D0FD50CA244E0244005D5084 /* Assets.xcassets */; };
		D0FD50EB244E043E005D5084 /* Main.storyboard in Resources */ = {isa = PBXBuildFile; fileRef = D0FD50CC244E0244005D5084 /* Main.storyboard */; };
/* End PBXBuildFile section */

/* Begin PBXContainerItemProxy section */
		D0FD50D6244E0244005D5084 /* PBXContainerItemProxy */ = {
			isa = PBXContainerItemProxy;
			containerPortal = D0FD50BB244E0243005D5084 /* Project object */;
			proxyType = 1;
			remoteGlobalIDString = D0FD50C2244E0243005D5084;
			remoteInfo = UniApp;
		};
/* End PBXContainerItemProxy section */

/* Begin PBXFileReference section */
		D0FD50C3244E0243005D5084 /* UniApp.app */ = {isa = PBXFileReference; explicitFileType = wrapper.application; includeInIndex = 0; path = UniApp.app; sourceTree = BUILT_PRODUCTS_DIR; };
		D0FD50C6244E0243005D5084 /* AppDelegate.swift */ = {isa = PBXFileReference; lastKnownFileType = sourcecode.swift; path = AppDelegate.swift; sourceTree = "<group>"; };
		D0FD50C8244E0243005D5084 /* ViewController.swift */ = {isa = PBXFileReference; lastKnownFileType = sourcecode.swift; path = ViewController.swift; sourceTree = "<group>"; };
		D0FD50CA244E0244005D5084 /* Assets.xcassets */ = {isa = PBXFileReference; lastKnownFileType = folder.assetcatalog; path = Assets.xcassets; sourceTree = "<group>"; };
		D0FD50CD244E0244005D5084 /* Base */ = {isa = PBXFileReference; lastKnownFileType = file.storyboard; name = Base; path = Base.lproj/Main.storyboard; sourceTree = "<group>"; };
		D0FD50CF244E0244005D5084 /* Info.plist */ = {isa = PBXFileReference; lastKnownFileType = text.plist.xml; path = Info.plist; sourceTree = "<group>"; };
		D0FD50D0244E0244005D5084 /* UniApp.entitlements */ = {isa = PBXFileReference; lastKnownFileType = text.plist.entitlements; path = UniApp.entitlements; sourceTree = "<group>"; };
		D0FD50D5244E0244005D5084 /* UniAppTests.xctest */ = {isa = PBXFileReference; explicitFileType = wrapper.cfbundle; includeInIndex = 0; path = UniAppTests.xctest; sourceTree = BUILT_PRODUCTS_DIR; };
		D0FD50D9244E0244005D5084 /* UniAppTests.swift */ = {isa = PBXFileReference; lastKnownFileType = sourcecode.swift; path = UniAppTests.swift; sourceTree = "<group>"; };
		D0FD50DB244E0244005D5084 /* Info.plist */ = {isa = PBXFileReference; lastKnownFileType = text.plist.xml; path = Info.plist; sourceTree = "<group>"; };
		D0FD50EF244E043E005D5084 /* UniApp Dev.app */ = {isa = PBXFileReference; explicitFileType = wrapper.application; includeInIndex = 0; path = "UniApp Dev.app"; sourceTree = BUILT_PRODUCTS_DIR; };
		D0FD50F0244E043E005D5084 /* UniApp Dev-Info.plist */ = {isa = PBXFileReference; lastKnownFileType = text.plist.xml; name = "UniApp Dev-Info.plist"; path = "/Users/jonathankrug/Documents/Xcode Projekte/UniApp/UniApp Dev-Info.plist"; sourceTree = "<absolute>"; };
/* End PBXFileReference section */

/* Begin PBXFrameworksBuildPhase section */
		D0FD50C0244E0243005D5084 /* Frameworks */ = {
			isa = PBXFrameworksBuildPhase;
			buildActionMask = 2147483647;
			files = (
			);
			runOnlyForDeploymentPostprocessing = 0;
		};
		D0FD50D2244E0244005D5084 /* Frameworks */ = {
			isa = PBXFrameworksBuildPhase;
			buildActionMask = 2147483647;
			files = (
			);
			runOnlyForDeploymentPostprocessing = 0;
		};
		D0FD50E8244E043E005D5084 /* Frameworks */ = {
			isa = PBXFrameworksBuildPhase;
			buildActionMask = 2147483647;
			files = (
			);
			runOnlyForDeploymentPostprocessing = 0;
		};
/* End PBXFrameworksBuildPhase section */

/* Begin PBXGroup section */
		D0FD50BA244E0243005D5084 = {
			isa = PBXGroup;
			children = (
				D0FD50C5244E0243005D5084 /* UniApp */,
				D0FD50D8244E0244005D5084 /* UniAppTests */,
				D0FD50C4244E0243005D5084 /* Products */,
				D0FD50F0244E043E005D5084 /* UniApp Dev-Info.plist */,
			);
			sourceTree = "<group>";
		};
		D0FD50C4244E0243005D5084 /* Products */ = {
			isa = PBXGroup;
			children = (
				D0FD50C3244E0243005D5084 /* UniApp.app */,
				D0FD50D5244E0244005D5084 /* UniAppTests.xctest */,
				D0FD50EF244E043E005D5084 /* UniApp Dev.app */,
			);
			name = Products;
			sourceTree = "<group>";
		};
		D0FD50C5244E0243005D5084 /* UniApp */ = {
			isa = PBXGroup;
			children = (
				D0FD50C6244E0243005D5084 /* AppDelegate.swift */,
				D0FD50C8244E0243005D5084 /* ViewController.swift */,
				D0FD50CA244E0244005D5084 /* Assets.xcassets */,
				D0FD50CC244E0244005D5084 /* Main.storyboard */,
				D0FD50CF244E0244005D5084 /* Info.plist */,
				D0FD50D0244E0244005D5084 /* UniApp.entitlements */,
			);
			path = UniApp;
			sourceTree = "<group>";
		};
		D0FD50D8244E0244005D5084 /* UniAppTests */ = {
			isa = PBXGroup;
			children = (
				D0FD50D9244E0244005D5084 /* UniAppTests.swift */,
				D0FD50DB244E0244005D5084 /* Info.plist */,
			);
			path = UniAppTests;
			sourceTree = "<group>";
		};
/* End PBXGroup section */

/* Begin PBXNativeTarget section */
		D0FD50C2244E0243005D5084 /* UniApp */ = {
			isa = PBXNativeTarget;
			buildConfigurationList = D0FD50DE244E0244005D5084 /* Build configuration list for PBXNativeTarget "UniApp" */;
			buildPhases = (
				D0FD50BF244E0243005D5084 /* Sources */,
				D0FD50C0244E0243005D5084 /* Frameworks */,
				D0FD50C1244E0243005D5084 /* Resources */,
			);
			buildRules = (
			);
			dependencies = (
			);
			name = UniApp;
			productName = UniApp;
			productReference = D0FD50C3244E0243005D5084 /* UniApp.app */;
			productType = "com.apple.product-type.application";
		};
		D0FD50D4244E0244005D5084 /* UniAppTests */ = {
			isa = PBXNativeTarget;
			buildConfigurationList = D0FD50E1244E0244005D5084 /* Build configuration list for PBXNativeTarget "UniAppTests" */;
			buildPhases = (
				D0FD50D1244E0244005D5084 /* Sources */,
				D0FD50D2244E0244005D5084 /* Frameworks */,
				D0FD50D3244E0244005D5084 /* Resources */,
			);
			buildRules = (
			);
			dependencies = (
				D0FD50D7244E0244005D5084 /* PBXTargetDependency */,
			);
			name = UniAppTests;
			productName = UniAppTests;
			productReference = D0FD50D5244E0244005D5084 /* UniAppTests.xctest */;
			productType = "com.apple.product-type.bundle.unit-test";
		};
		D0FD50E4244E043E005D5084 /* UniApp Dev */ = {
			isa = PBXNativeTarget;
			buildConfigurationList = D0FD50EC244E043E005D5084 /* Build configuration list for PBXNativeTarget "UniApp Dev" */;
			buildPhases = (
				D0FD50E5244E043E005D5084 /* Sources */,
				D0FD50E8244E043E005D5084 /* Frameworks */,
				D0FD50E9244E043E005D5084 /* Resources */,
			);
			buildRules = (
			);
			dependencies = (
			);
			name = "UniApp Dev";
			productName = UniApp;
			productReference = D0FD50EF244E043E005D5084 /* UniApp Dev.app */;
			productType = "com.apple.product-type.application";
		};
/* End PBXNativeTarget section */

/* Begin PBXProject section */
		D0FD50BB244E0243005D5084 /* Project object */ = {
			isa = PBXProject;
			attributes = {
				LastSwiftUpdateCheck = 1140;
				LastUpgradeCheck = 1140;
				ORGANIZATIONNAME = "Jonathan Krug";
				TargetAttributes = {
					D0FD50C2244E0243005D5084 = {
						CreatedOnToolsVersion = 11.4;
					};
					D0FD50D4244E0244005D5084 = {
						CreatedOnToolsVersion = 11.4;
						TestTargetID = D0FD50C2244E0243005D5084;
					};
				};
			};
			buildConfigurationList = D0FD50BE244E0243005D5084 /* Build configuration list for PBXProject "UniApp" */;
			compatibilityVersion = "Xcode 9.3";
			developmentRegion = en;
			hasScannedForEncodings = 0;
			knownRegions = (
				en,
				Base,
			);
			mainGroup = D0FD50BA244E0243005D5084;
			productRefGroup = D0FD50C4244E0243005D5084 /* Products */;
			projectDirPath = "";
			projectRoot = "";
			targets = (
				D0FD50C2244E0243005D5084 /* UniApp */,
				D0FD50D4244E0244005D5084 /* UniAppTests */,
				D0FD50E4244E043E005D5084 /* UniApp Dev */,
			);
		};
/* End PBXProject section */

/* Begin PBXResourcesBuildPhase section */
		D0FD50C1244E0243005D5084 /* Resources */ = {
			isa = PBXResourcesBuildPhase;
			buildActionMask = 2147483647;
			files = (
				D0FD50CB244E0244005D5084 /* Assets.xcassets in Resources */,
				D0FD50CE244E0244005D5084 /* Main.storyboard in Resources */,
			);
			runOnlyForDeploymentPostprocessing = 0;
		};
		D0FD50D3244E0244005D5084 /* Resources */ = {
			isa = PBXResourcesBuildPhase;
			buildActionMask = 2147483647;
			files = (
			);
			runOnlyForDeploymentPostprocessing = 0;
		};
		D0FD50E9244E043E005D5084 /* Resources */ = {
			isa = PBXResourcesBuildPhase;
			buildActionMask = 2147483647;
			files = (
				D0FD50EA244E043E005D5084 /* Assets.xcassets in Resources */,
				D0FD50EB244E043E005D5084 /* Main.storyboard in Resources */,
			);
			runOnlyForDeploymentPostprocessing = 0;
		};
/* End PBXResourcesBuildPhase section */

/* Begin PBXSourcesBuildPhase section */
		D0FD50BF244E0243005D5084 /* Sources */ = {
			isa = PBXSourcesBuildPhase;
			buildActionMask = 2147483647;
			files = (
				D0FD50C9244E0243005D5084 /* ViewController.swift in Sources */,
				D0FD50C7244E0243005D5084 /* AppDelegate.swift in Sources */,
			);
			runOnlyForDeploymentPostprocessing = 0;
		};
		D0FD50D1244E0244005D5084 /* Sources */ = {
			isa = PBXSourcesBuildPhase;
			buildActionMask = 2147483647;
			files = (
				D0FD50DA244E0244005D5084 /* UniAppTests.swift in Sources */,
			);
			runOnlyForDeploymentPostprocessing = 0;
		};
		D0FD50E5244E043E005D5084 /* Sources */ = {
			isa = PBXSourcesBuildPhase;
			buildActionMask = 2147483647;
			files = (
				D0FD50E6244E043E005D5084 /* ViewController.swift in Sources */,
				D0FD50E7244E043E005D5084 /* AppDelegate.swift in Sources */,
			);
			runOnlyForDeploymentPostprocessing = 0;
		};
/* End PBXSourcesBuildPhase section */

/* Begin PBXTargetDependency section */
		D0FD50D7244E0244005D5084 /* PBXTargetDependency */ = {
			isa = PBXTargetDependency;
			target = D0FD50C2244E0243005D5084 /* UniApp */;
			targetProxy = D0FD50D6244E0244005D5084 /* PBXContainerItemProxy */;
		};
/* End PBXTargetDependency section */

/* Begin PBXVariantGroup section */
		D0FD50CC244E0244005D5084 /* Main.storyboard */ = {
			isa = PBXVariantGroup;
			children = (
				D0FD50CD244E0244005D5084 /* Base */,
			);
			name = Main.storyboard;
			sourceTree = "<group>";
		};
/* End PBXVariantGroup section */

/* Begin XCBuildConfiguration section */
		D0FD50DC244E0244005D5084 /* Debug */ = {
			isa = XCBuildConfiguration;
			buildSettings = {
				ALWAYS_SEARCH_USER_PATHS = NO;
				CLANG_ANALYZER_NONNULL = YES;
				CLANG_ANALYZER_NUMBER_OBJECT_CONVERSION = YES_AGGRESSIVE;
				CLANG_CXX_LANGUAGE_STANDARD = "gnu++14";
				CLANG_CXX_LIBRARY = "libc++";
				CLANG_ENABLE_MODULES = YES;
				CLANG_ENABLE_OBJC_ARC = YES;
				CLANG_ENABLE_OBJC_WEAK = YES;
				CLANG_WARN_BLOCK_CAPTURE_AUTORELEASING = YES;
				CLANG_WARN_BOOL_CONVERSION = YES;
				CLANG_WARN_COMMA = YES;
				CLANG_WARN_CONSTANT_CONVERSION = YES;
				CLANG_WARN_DEPRECATED_OBJC_IMPLEMENTATIONS = YES;
				CLANG_WARN_DIRECT_OBJC_ISA_USAGE = YES_ERROR;
				CLANG_WARN_DOCUMENTATION_COMMENTS = YES;
				CLANG_WARN_EMPTY_BODY = YES;
				CLANG_WARN_ENUM_CONVERSION = YES;
				CLANG_WARN_INFINITE_RECURSION = YES;
				CLANG_WARN_INT_CONVERSION = YES;
				CLANG_WARN_NON_LITERAL_NULL_CONVERSION = YES;
				CLANG_WARN_OBJC_IMPLICIT_RETAIN_SELF = YES;
				CLANG_WARN_OBJC_LITERAL_CONVERSION = YES;
				CLANG_WARN_OBJC_ROOT_CLASS = YES_ERROR;
				CLANG_WARN_RANGE_LOOP_ANALYSIS = YES;
				CLANG_WARN_STRICT_PROTOTYPES = YES;
				CLANG_WARN_SUSPICIOUS_MOVE = YES;
				CLANG_WARN_UNGUARDED_AVAILABILITY = YES_AGGRESSIVE;
				CLANG_WARN_UNREACHABLE_CODE = YES;
				CLANG_WARN__DUPLICATE_METHOD_MATCH = YES;
				COPY_PHASE_STRIP = NO;
				DEBUG_INFORMATION_FORMAT = dwarf;
				ENABLE_STRICT_OBJC_MSGSEND = YES;
				ENABLE_TESTABILITY = YES;
				GCC_C_LANGUAGE_STANDARD = gnu11;
				GCC_DYNAMIC_NO_PIC = NO;
				GCC_NO_COMMON_BLOCKS = YES;
				GCC_OPTIMIZATION_LEVEL = 0;
				GCC_PREPROCESSOR_DEFINITIONS = (
					"DEBUG=1",
					"$(inherited)",
				);
				GCC_WARN_64_TO_32_BIT_CONVERSION = YES;
				GCC_WARN_ABOUT_RETURN_TYPE = YES_ERROR;
				GCC_WARN_UNDECLARED_SELECTOR = YES;
				GCC_WARN_UNINITIALIZED_AUTOS = YES_AGGRESSIVE;
				GCC_WARN_UNUSED_FUNCTION = YES;
				GCC_WARN_UNUSED_VARIABLE = YES;
				MACOSX_DEPLOYMENT_TARGET = 10.15;
				MTL_ENABLE_DEBUG_INFO = INCLUDE_SOURCE;
				MTL_FAST_MATH = YES;
				ONLY_ACTIVE_ARCH = YES;
				SDKROOT = macosx;
				SWIFT_ACTIVE_COMPILATION_CONDITIONS = DEBUG;
				SWIFT_OPTIMIZATION_LEVEL = "-Onone";
			};
			name = Debug;
		};
		D0FD50DD244E0244005D5084 /* Release */ = {
			isa = XCBuildConfiguration;
			buildSettings = {
				ALWAYS_SEARCH_USER_PATHS = NO;
				CLANG_ANALYZER_NONNULL = YES;
				CLANG_ANALYZER_NUMBER_OBJECT_CONVERSION = YES_AGGRESSIVE;
				CLANG_CXX_LANGUAGE_STANDARD = "gnu++14";
				CLANG_CXX_LIBRARY = "libc++";
				CLANG_ENABLE_MODULES = YES;
				CLANG_ENABLE_OBJC_ARC = YES;
				CLANG_ENABLE_OBJC_WEAK = YES;
				CLANG_WARN_BLOCK_CAPTURE_AUTORELEASING = YES;
				CLANG_WARN_BOOL_CONVERSION = YES;
				CLANG_WARN_COMMA = YES;
				CLANG_WARN_CONSTANT_CONVERSION = YES;
				CLANG_WARN_DEPRECATED_OBJC_IMPLEMENTATIONS = YES;
				CLANG_WARN_DIRECT_OBJC_ISA_USAGE = YES_ERROR;
				CLANG_WARN_DOCUMENTATION_COMMENTS = YES;
				CLANG_WARN_EMPTY_BODY = YES;
				CLANG_WARN_ENUM_CONVERSION = YES;
				CLANG_WARN_INFINITE_RECURSION = YES;
				CLANG_WARN_INT_CONVERSION = YES;
				CLANG_WARN_NON_LITERAL_NULL_CONVERSION = YES;
				CLANG_WARN_OBJC_IMPLICIT_RETAIN_SELF = YES;
				CLANG_WARN_OBJC_LITERAL_CONVERSION = YES;
				CLANG_WARN_OBJC_ROOT_CLASS = YES_ERROR;
				CLANG_WARN_RANGE_LOOP_ANALYSIS = YES;
				CLANG_WARN_STRICT_PROTOTYPES = YES;
				CLANG_WARN_SUSPICIOUS_MOVE = YES;
				CLANG_WARN_UNGUARDED_AVAILABILITY = YES_AGGRESSIVE;
				CLANG_WARN_UNREACHABLE_CODE = YES;
				CLANG_WARN__DUPLICATE_METHOD_MATCH = YES;
				COPY_PHASE_STRIP = NO;
				DEBUG_INFORMATION_FORMAT = "dwarf-with-dsym";
				ENABLE_NS_ASSERTIONS = NO;
				ENABLE_STRICT_OBJC_MSGSEND = YES;
				GCC_C_LANGUAGE_STANDARD = gnu11;
				GCC_NO_COMMON_BLOCKS = YES;
				GCC_WARN_64_TO_32_BIT_CONVERSION = YES;
				GCC_WARN_ABOUT_RETURN_TYPE = YES_ERROR;
				GCC_WARN_UNDECLARED_SELECTOR = YES;
				GCC_WARN_UNINITIALIZED_AUTOS = YES_AGGRESSIVE;
				GCC_WARN_UNUSED_FUNCTION = YES;
				GCC_WARN_UNUSED_VARIABLE = YES;
				MACOSX_DEPLOYMENT_TARGET = 10.15;
				MTL_ENABLE_DEBUG_INFO = NO;
				MTL_FAST_MATH = YES;
				SDKROOT = macosx;
				SWIFT_COMPILATION_MODE = wholemodule;
				SWIFT_OPTIMIZATION_LEVEL = "-O";
			};
			name = Release;
		};
		D0FD50DF244E0244005D5084 /* Debug */ = {
			isa = XCBuildConfiguration;
			buildSettings = {
				ASSETCATALOG_COMPILER_APPICON_NAME = AppIcon;
				CODE_SIGN_ENTITLEMENTS = UniApp/UniApp.entitlements;
				CODE_SIGN_STYLE = Automatic;
				COMBINE_HIDPI_IMAGES = YES;
				DEVELOPMENT_TEAM = 3WE74M79FD;
				ENABLE_HARDENED_RUNTIME = YES;
				INFOPLIST_FILE = UniApp/Info.plist;
				LD_RUNPATH_SEARCH_PATHS = (
					"$(inherited)",
					"@executable_path/../Frameworks",
				);
				PRODUCT_BUNDLE_IDENTIFIER = com.jonathankrug.UniApp;
				PRODUCT_NAME = "$(TARGET_NAME)";
				SWIFT_VERSION = 5.0;
			};
			name = Debug;
		};
		D0FD50E0244E0244005D5084 /* Release */ = {
			isa = XCBuildConfiguration;
			buildSettings = {
				ASSETCATALOG_COMPILER_APPICON_NAME = AppIcon;
				CODE_SIGN_ENTITLEMENTS = UniApp/UniApp.entitlements;
				CODE_SIGN_STYLE = Automatic;
				COMBINE_HIDPI_IMAGES = YES;
				DEVELOPMENT_TEAM = 3WE74M79FD;
				ENABLE_HARDENED_RUNTIME = YES;
				INFOPLIST_FILE = UniApp/Info.plist;
				LD_RUNPATH_SEARCH_PATHS = (
					"$(inherited)",
					"@executable_path/../Frameworks",
				);
				PRODUCT_BUNDLE_IDENTIFIER = com.jonathankrug.UniApp;
				PRODUCT_NAME = "$(TARGET_NAME)";
				SWIFT_VERSION = 5.0;
			};
			name = Release;
		};
		D0FD50E2244E0244005D5084 /* Debug */ = {
			isa = XCBuildConfiguration;
			buildSettings = {
				ALWAYS_EMBED_SWIFT_STANDARD_LIBRARIES = YES;
				BUNDLE_LOADER = "$(TEST_HOST)";
				CODE_SIGN_IDENTITY = "";
				CODE_SIGN_STYLE = Automatic;
				COMBINE_HIDPI_IMAGES = YES;
				DEVELOPMENT_TEAM = 3WE74M79FD;
				INFOPLIST_FILE = UniAppTests/Info.plist;
				LD_RUNPATH_SEARCH_PATHS = (
					"$(inherited)",
					"@executable_path/../Frameworks",
					"@loader_path/../Frameworks",
				);
				MACOSX_DEPLOYMENT_TARGET = 10.15;
				PRODUCT_BUNDLE_IDENTIFIER = com.jonathankrug.UniAppTests;
				PRODUCT_NAME = "$(TARGET_NAME)";
				SWIFT_VERSION = 5.0;
				TEST_HOST = "$(BUILT_PRODUCTS_DIR)/UniApp.app/Contents/MacOS/UniApp";
			};
			name = Debug;
		};
		D0FD50E3244E0244005D5084 /* Release */ = {
			isa = XCBuildConfiguration;
			buildSettings = {
				ALWAYS_EMBED_SWIFT_STANDARD_LIBRARIES = YES;
				BUNDLE_LOADER = "$(TEST_HOST)";
				CODE_SIGN_IDENTITY = "";
				CODE_SIGN_STYLE = Automatic;
				COMBINE_HIDPI_IMAGES = YES;
				DEVELOPMENT_TEAM = 3WE74M79FD;
				INFOPLIST_FILE = UniAppTests/Info.plist;
				LD_RUNPATH_SEARCH_PATHS = (
					"$(inherited)",
					"@executable_path/../Frameworks",
					"@loader_path/../Frameworks",
				);
				MACOSX_DEPLOYMENT_TARGET = 10.15;
				PRODUCT_BUNDLE_IDENTIFIER = com.jonathankrug.UniAppTests;
				PRODUCT_NAME = "$(TARGET_NAME)";
				SWIFT_VERSION = 5.0;
				TEST_HOST = "$(BUILT_PRODUCTS_DIR)/UniApp.app/Contents/MacOS/UniApp";
			};
			name = Release;
		};
		D0FD50ED244E043E005D5084 /* Debug */ = {
			isa = XCBuildConfiguration;
			buildSettings = {
				ASSETCATALOG_COMPILER_APPICON_NAME = AppIcon;
				CODE_SIGN_ENTITLEMENTS = UniApp/UniApp.entitlements;
				CODE_SIGN_IDENTITY = "";
				CODE_SIGN_STYLE = Manual;
				COMBINE_HIDPI_IMAGES = YES;
				DEVELOPMENT_TEAM = 3WE74M79FD;
				ENABLE_HARDENED_RUNTIME = YES;
				INFOPLIST_FILE = "UniApp Dev-Info.plist";
				LD_RUNPATH_SEARCH_PATHS = (
					"$(inherited)",
					"@executable_path/../Frameworks",
				);
				OTHER_SWIFT_FLAGS = "-D Development";
				PRODUCT_BUNDLE_IDENTIFIER = "com.jonathankrug.UniApp-Dev";
				PRODUCT_NAME = "$(TARGET_NAME)";
				PROVISIONING_PROFILE_SPECIFIER = "";
				SWIFT_VERSION = 5.0;
			};
			name = Debug;
		};
		D0FD50EE244E043E005D5084 /* Release */ = {
			isa = XCBuildConfiguration;
			buildSettings = {
				ASSETCATALOG_COMPILER_APPICON_NAME = AppIcon;
				CODE_SIGN_ENTITLEMENTS = UniApp/UniApp.entitlements;
				CODE_SIGN_IDENTITY = "";
				CODE_SIGN_STYLE = Manual;
				COMBINE_HIDPI_IMAGES = YES;
				DEVELOPMENT_TEAM = 3WE74M79FD;
				ENABLE_HARDENED_RUNTIME = YES;
				INFOPLIST_FILE = "UniApp Dev-Info.plist";
				LD_RUNPATH_SEARCH_PATHS = (
					"$(inherited)",
					"@executable_path/../Frameworks",
				);
				OTHER_SWIFT_FLAGS = "-D Development";
				PRODUCT_BUNDLE_IDENTIFIER = "com.jonathankrug.UniApp-Dev";
				PRODUCT_NAME = "$(TARGET_NAME)";
				PROVISIONING_PROFILE_SPECIFIER = "";
				SWIFT_VERSION = 5.0;
			};
			name = Release;
		};
/* End XCBuildConfiguration section */

/* Begin XCConfigurationList section */
		D0FD50BE244E0243005D5084 /* Build configuration list for PBXProject "UniApp" */ = {
			isa = XCConfigurationList;
			buildConfigurations = (
				D0FD50DC244E0244005D5084 /* Debug */,
				D0FD50DD244E0244005D5084 /* Release */,
			);
			defaultConfigurationIsVisible = 0;
			defaultConfigurationName = Release;
		};
		D0FD50DE244E0244005D5084 /* Build configuration list for PBXNativeTarget "UniApp" */ = {
			isa = XCConfigurationList;
			buildConfigurations = (
				D0FD50DF244E0244005D5084 /* Debug */,
				D0FD50E0244E0244005D5084 /* Release */,
			);
			defaultConfigurationIsVisible = 0;
			defaultConfigurationName = Release;
		};
		D0FD50E1244E0244005D5084 /* Build configuration list for PBXNativeTarget "UniAppTests" */ = {
			isa = XCConfigurationList;
			buildConfigurations = (
				D0FD50E2244E0244005D5084 /* Debug */,
				D0FD50E3244E0244005D5084 /* Release */,
			);
			defaultConfigurationIsVisible = 0;
			defaultConfigurationName = Release;
		};
		D0FD50EC244E043E005D5084 /* Build configuration list for PBXNativeTarget "UniApp Dev" */ = {
			isa = XCConfigurationList;
			buildConfigurations = (
				D0FD50ED244E043E005D5084 /* Debug */,
				D0FD50EE244E043E005D5084 /* Release */,
			);
			defaultConfigurationIsVisible = 0;
			defaultConfigurationName = Release;
		};
/* End XCConfigurationList section */
	};
	rootObject = D0FD50BB244E0243005D5084 /* Project object */;
}
